{
  "name": "local-pii-proxy-demo",
  "lockfileVersion": 3,
  "requires": true,
  "packages": {
    "": {
      "name": "local-pii-proxy-demo",
      "dependencies": {
        "@desert-ant-labs/redact": "^3.5.0"
      }
    },
    "node_modules/@bjorn3/browser_wasi_shim": {
      "version": "0.3.0",
      "resolved": "https://registry.npmjs.org/@bjorn3/browser_wasi_shim/-/browser_wasi_shim-0.3.0.tgz",
      "integrity": "sha512-FlRBYttPRLcWORzBe6g8nmYTafBkOEFeOqMYM4tAHJzFsQy4+xJA94z85a9BCs8S+Uzfh9LrkpII7DXr2iUVFg==",
      "license": "MIT OR Apache-2.0"
    },
    "node_modules/@desert-ant-labs/core": {
      "version": "3.5.0",
      "resolved": "https://registry.npmjs.org/@desert-ant-labs/core/-/core-3.5.0.tgz",
      "integrity": "sha512-1Q7kXhixGcfwFRJFduGcCOaBho0Jy2hBvV9DP0UvUS0pt7axTVgVjtloz7yMeH4d4Qht0du0n8ywU8DyTbyJKw==",
      "license": "SEE LICENSE IN LICENSE.md",
      "peerDependencies": {
        "@litertjs/core": ">=2.1.0",
        "koffi": ">=2.9.0"
      },
      "peerDependenciesMeta": {
        "@litertjs/core": {
          "optional": true
        },
        "koffi": {
          "optional": true
        }
      }
    },
    "node_modules/@desert-ant-labs/redact": {
      "version": "3.5.0",
      "resolved": "https://registry.npmjs.org/@desert-ant-labs/redact/-/redact-3.5.0.tgz",
      "integrity": "sha512-Vk4xs8Xbnqyn1OXue0sLFKHpMhYnu9CYxUgUz3obUiAN2S24NlSxM+/TVlpTXrt/jP2SNHphR2cbX6UcNHEErg==",
      "license": "SEE LICENSE IN LICENSE.md",
      "dependencies": {
        "@bjorn3/browser_wasi_shim": "^0.3.0",
        "@desert-ant-labs/core": "^3.5.0"
      },
      "optionalDependencies": {
        "koffi": "^2.9.0"
      },
      "peerDependencies": {
        "@litertjs/core": ">=2.1.0"
      },
      "peerDependenciesMeta": {
        "@litertjs/core": {
          "optional": true
        }
      }
    },
    "node_modules/koffi": {
      "version": "2.16.3",
      "resolved": "https://registry.npmjs.org/koffi/-/koffi-2.16.3.tgz",
      "integrity": "sha512-E9y1AsgYGlaxMhcZzHr8y96QF2U5XzA12GGVAfbWqIubTwPNMXQarfBzePNXHe0xtIEtNd6ifAv3GAKYGUeBAQ==",
      "hasInstallScript": true,
      "license": "MIT",
      "optional": true,
      "funding": {
        "url": "https://liberapay.com/Koromix"
      }
    }
  }
}
